
Microsoft Visual Studio Solution File, Format Version 12.00
# Visual Studio Version 16
VisualStudioVersion = 16.0.29728.190
MinimumVisualStudioVersion = 10.0.40219.1
Project("{FAE04EC0-301F-11D3-BF4B-00C04F79EFBC}") = "LINQ", "LINQ\LINQ.csproj", "{BB564970-9A80-4B39-BC78-2091FEC1F340}"
EndProject
Global
	GlobalSection(SolutionConfigurationPlatforms) = preSolution
		Debug|Any CPU = Debug|Any CPU
		Release|Any CPU = Release|Any CPU
	EndGlobalSection
	GlobalSection(ProjectConfigurationPlatforms) = postSolution
		{BB564970-9A80-4B39-BC78-2091FEC1F340}.Debug|Any CPU.ActiveCfg = Debug|Any CPU
		{BB564970-9A80-4B39-BC78-2091FEC1F340}.Debug|Any CPU.Build.0 = Debug|Any CPU
		{BB564970-9A80-4B39-BC78-2091FEC1F340}.Release|Any CPU.ActiveCfg = Release|Any CPU
		{BB564970-9A80-4B39-BC78-2091FEC1F340}.Release|Any CPU.Build.0 = Release|Any CPU
	EndGlobalSection
	GlobalSection(SolutionProperties) = preSolution
		HideSolutionNode = FALSE
	EndGlobalSection
	GlobalSection(ExtensibilityGlobals) = postSolution
		SolutionGuid = {01393B45-0676-46DF-A4E4-4FDBFCF6323A}
	EndGlobalSection
EndGlobal
